PODS:
  - boost (1.76.0)
  - CocoaAsyncSocket (7.6.5)
  - DoubleConversion (1.1.6)
  - FBLazyVector (0.71.0-rc.2)
  - FBReactNativeSpec (0.71.0-rc.2):
    - RCT-Folly (= 2021.07.22.00)
    - RCTRequired (= 0.71.0-rc.2)
    - RCTTypeSafety (= 0.71.0-rc.2)
    - React-Core (= 0.71.0-rc.2)
    - React-jsi (= 0.71.0-rc.2)
    - ReactCommon/turbomodule/core (= 0.71.0-rc.2)
  - Firebase (10.2.0):
    - Firebase/Core (= 10.2.0)
  - Firebase/Core (10.2.0):
    - Firebase/CoreOnly
    - FirebaseAnalytics (~> 10.2.0)
  - Firebase/CoreOnly (10.2.0):
    - FirebaseCore (= 10.2.0)
  - Firebase/DynamicLinks (10.2.0):
    - Firebase/CoreOnly
    - FirebaseDynamicLinks (~> 10.2.0)
  - Firebase/Messaging (10.2.0):
    - Firebase/CoreOnly
    - FirebaseMessaging (~> 10.2.0)
  - FirebaseAnalytics (10.2.0):
    - FirebaseAnalytics/AdIdSupport (= 10.2.0)
    - FirebaseCore (~> 10.0)
    - FirebaseInstallations (~> 10.0)
    - GoogleUtilities/AppDelegateSwizzler (~> 7.8)
    - GoogleUtilities/MethodSwizzler (~> 7.8)
    - GoogleUtilities/Network (~> 7.8)
    - "GoogleUtilities/NSData+zlib (~> 7.8)"
    - nanopb (< 2.30910.0, >= 2.30908.0)
  - FirebaseAnalytics/AdIdSupport (10.2.0):
    - FirebaseCore (~> 10.0)
    - FirebaseInstallations (~> 10.0)
    - GoogleAppMeasurement (= 10.2.0)
    - GoogleUtilities/AppDelegateSwizzler (~> 7.8)
    - GoogleUtilities/MethodSwizzler (~> 7.8)
    - GoogleUtilities/Network (~> 7.8)
    - "GoogleUtilities/NSData+zlib (~> 7.8)"
    - nanopb (< 2.30910.0, >= 2.30908.0)
  - FirebaseCore (10.2.0):
    - FirebaseCoreInternal (~> 10.0)
    - GoogleUtilities/Environment (~> 7.8)
    - GoogleUtilities/Logger (~> 7.8)
  - FirebaseCoreExtension (10.2.0):
    - FirebaseCore (~> 10.0)
  - FirebaseCoreInternal (10.2.0):
    - "GoogleUtilities/NSData+zlib (~> 7.8)"
  - FirebaseDynamicLinks (10.2.0):
    - FirebaseCore (~> 10.0)
  - FirebaseInstallations (10.2.0):
    - FirebaseCore (~> 10.0)
    - GoogleUtilities/Environment (~> 7.8)
    - GoogleUtilities/UserDefaults (~> 7.8)
    - PromisesObjC (~> 2.1)
  - FirebaseMessaging (10.2.0):
    - FirebaseCore (~> 10.0)
    - FirebaseInstallations (~> 10.0)
    - GoogleDataTransport (~> 9.2)
    - GoogleUtilities/AppDelegateSwizzler (~> 7.8)
    - GoogleUtilities/Environment (~> 7.8)
    - GoogleUtilities/Reachability (~> 7.8)
    - GoogleUtilities/UserDefaults (~> 7.8)
    - nanopb (< 2.30910.0, >= 2.30908.0)
  - Flipper (0.125.0):
    - Flipper-Folly (~> 2.6)
    - Flipper-RSocket (~> 1.4)
  - Flipper-Boost-iOSX (1.76.0.1.11)
  - Flipper-DoubleConversion (3.2.0.1)
  - Flipper-Fmt (7.1.7)
  - Flipper-Folly (2.6.10):
    - Flipper-Boost-iOSX
    - Flipper-DoubleConversion
    - Flipper-Fmt (= 7.1.7)
    - Flipper-Glog
    - libevent (~> 2.1.12)
    - OpenSSL-Universal (= 1.1.1100)
  - Flipper-Glog (0.5.0.5)
  - Flipper-PeerTalk (0.0.4)
  - Flipper-RSocket (1.4.3):
    - Flipper-Folly (~> 2.6)
  - FlipperKit (0.125.0):
    - FlipperKit/Core (= 0.125.0)
  - FlipperKit/Core (0.125.0):
    - Flipper (~> 0.125.0)
    - FlipperKit/CppBridge
    - FlipperKit/FBCxxFollyDynamicConvert
    - FlipperKit/FBDefines
    - FlipperKit/FKPortForwarding
    - SocketRocket (~> 0.6.0)
  - FlipperKit/CppBridge (0.125.0):
    - Flipper (~> 0.125.0)
  - FlipperKit/FBCxxFollyDynamicConvert (0.125.0):
    - Flipper-Folly (~> 2.6)
  - FlipperKit/FBDefines (0.125.0)
  - FlipperKit/FKPortForwarding (0.125.0):
    - CocoaAsyncSocket (~> 7.6)
    - Flipper-PeerTalk (~> 0.0.4)
  - FlipperKit/FlipperKitHighlightOverlay (0.125.0)
  - FlipperKit/FlipperKitLayoutHelpers (0.125.0):
    - FlipperKit/Core
    - FlipperKit/FlipperKitHighlightOverlay
    - FlipperKit/FlipperKitLayoutTextSearchable
  - FlipperKit/FlipperKitLayoutIOSDescriptors (0.125.0):
    - FlipperKit/Core
    - FlipperKit/FlipperKitHighlightOverlay
    - FlipperKit/FlipperKitLayoutHelpers
    - YogaKit (~> 1.18)
  - FlipperKit/FlipperKitLayoutPlugin (0.125.0):
    - FlipperKit/Core
    - FlipperKit/FlipperKitHighlightOverlay
    - FlipperKit/FlipperKitLayoutHelpers
    - FlipperKit/FlipperKitLayoutIOSDescriptors
    - FlipperKit/FlipperKitLayoutTextSearchable
    - YogaKit (~> 1.18)
  - FlipperKit/FlipperKitLayoutTextSearchable (0.125.0)
  - FlipperKit/FlipperKitNetworkPlugin (0.125.0):
    - FlipperKit/Core
  - FlipperKit/FlipperKitReactPlugin (0.125.0):
    - FlipperKit/Core
  - FlipperKit/FlipperKitUserDefaultsPlugin (0.125.0):
    - FlipperKit/Core
  - FlipperKit/SKIOSNetworkPlugin (0.125.0):
    - FlipperKit/Core
    - FlipperKit/FlipperKitNetworkPlugin
  - fmt (6.2.1)
  - glog (0.3.5)
  - GoogleAppMeasurement (10.2.0):
    - GoogleAppMeasurement/AdIdSupport (= 10.2.0)
    - GoogleUtilities/AppDelegateSwizzler (~> 7.8)
    - GoogleUtilities/MethodSwizzler (~> 7.8)
    - GoogleUtilities/Network (~> 7.8)
    - "GoogleUtilities/NSData+zlib (~> 7.8)"
    - nanopb (< 2.30910.0, >= 2.30908.0)
  - GoogleAppMeasurement/AdIdSupport (10.2.0):
    - GoogleAppMeasurement/WithoutAdIdSupport (= 10.2.0)
    - GoogleUtilities/AppDelegateSwizzler (~> 7.8)
    - GoogleUtilities/MethodSwizzler (~> 7.8)
    - GoogleUtilities/Network (~> 7.8)
    - "GoogleUtilities/NSData+zlib (~> 7.8)"
    - nanopb (< 2.30910.0, >= 2.30908.0)
  - GoogleAppMeasurement/WithoutAdIdSupport (10.2.0):
    - GoogleUtilities/AppDelegateSwizzler (~> 7.8)
    - GoogleUtilities/MethodSwizzler (~> 7.8)
    - GoogleUtilities/Network (~> 7.8)
    - "GoogleUtilities/NSData+zlib (~> 7.8)"
    - nanopb (< 2.30910.0, >= 2.30908.0)
  - GoogleDataTransport (9.2.0):
    - GoogleUtilities/Environment (~> 7.7)
    - nanopb (< 2.30910.0, >= 2.30908.0)
    - PromisesObjC (< 3.0, >= 1.2)
  - GoogleUtilities (7.10.0):
    - GoogleUtilities/AppDelegateSwizzler (= 7.10.0)
    - GoogleUtilities/Environment (= 7.10.0)
    - GoogleUtilities/ISASwizzler (= 7.10.0)
    - GoogleUtilities/Logger (= 7.10.0)
    - GoogleUtilities/MethodSwizzler (= 7.10.0)
    - GoogleUtilities/Network (= 7.10.0)
    - "GoogleUtilities/NSData+zlib (= 7.10.0)"
    - GoogleUtilities/Reachability (= 7.10.0)
    - GoogleUtilities/SwizzlerTestHelpers (= 7.10.0)
    - GoogleUtilities/UserDefaults (= 7.10.0)
  - GoogleUtilities/AppDelegateSwizzler (7.10.0):
    - GoogleUtilities/Environment
    - GoogleUtilities/Logger
    - GoogleUtilities/Network
  - GoogleUtilities/Environment (7.10.0):
    - PromisesObjC (< 3.0, >= 1.2)
  - GoogleUtilities/ISASwizzler (7.10.0)
  - GoogleUtilities/Logger (7.10.0):
    - GoogleUtilities/Environment
  - GoogleUtilities/MethodSwizzler (7.10.0):
    - GoogleUtilities/Logger
  - GoogleUtilities/Network (7.10.0):
    - GoogleUtilities/Logger
    - "GoogleUtilities/NSData+zlib"
    - GoogleUtilities/Reachability
  - "GoogleUtilities/NSData+zlib (7.10.0)"
  - GoogleUtilities/Reachability (7.10.0):
    - GoogleUtilities/Logger
  - GoogleUtilities/SwizzlerTestHelpers (7.10.0):
    - GoogleUtilities/MethodSwizzler
  - GoogleUtilities/UserDefaults (7.10.0):
    - GoogleUtilities/Logger
  - hermes-engine (0.71.0-rc.2):
    - hermes-engine/Pre-built (= 0.71.0-rc.2)
  - hermes-engine/Pre-built (0.71.0-rc.2)
  - libevent (2.1.12)
  - nanopb (2.30909.0):
    - nanopb/decode (= 2.30909.0)
    - nanopb/encode (= 2.30909.0)
  - nanopb/decode (2.30909.0)
  - nanopb/encode (2.30909.0)
  - OpenSSL-Universal (1.1.1100)
  - Permission-Calendars (3.6.1):
    - RNPermissions
  - Permission-Camera (3.6.1):
    - RNPermissions
  - Permission-LocationWhenInUse (3.6.1):
    - RNPermissions
  - Permission-Notifications (3.6.1):
    - RNPermissions
  - PromisesObjC (2.1.1)
  - RCT-Folly (2021.07.22.00):
    - boost
    - DoubleConversion
    - fmt (~> 6.2.1)
    - glog
    - RCT-Folly/Default (= 2021.07.22.00)
  - RCT-Folly/Default (2021.07.22.00):
    - boost
    - DoubleConversion
    - fmt (~> 6.2.1)
    - glog
  - RCT-Folly/Futures (2021.07.22.00):
    - boost
    - DoubleConversion
    - fmt (~> 6.2.1)
    - glog
    - libevent
  - RCTRequired (0.71.0-rc.2)
  - RCTTypeSafety (0.71.0-rc.2):
    - FBLazyVector (= 0.71.0-rc.2)
    - RCTRequired (= 0.71.0-rc.2)
    - React-Core (= 0.71.0-rc.2)
  - React (0.71.0-rc.2):
    - React-Core (= 0.71.0-rc.2)
    - React-Core/DevSupport (= 0.71.0-rc.2)
    - React-Core/RCTWebSocket (= 0.71.0-rc.2)
    - React-RCTActionSheet (= 0.71.0-rc.2)
    - React-RCTAnimation (= 0.71.0-rc.2)
    - React-RCTBlob (= 0.71.0-rc.2)
    - React-RCTImage (= 0.71.0-rc.2)
    - React-RCTLinking (= 0.71.0-rc.2)
    - React-RCTNetwork (= 0.71.0-rc.2)
    - React-RCTSettings (= 0.71.0-rc.2)
    - React-RCTText (= 0.71.0-rc.2)
    - React-RCTVibration (= 0.71.0-rc.2)
  - React-callinvoker (0.71.0-rc.2)
  - React-Codegen (0.71.0-rc.2):
    - FBReactNativeSpec
    - hermes-engine
    - RCT-Folly
    - RCTRequired
    - RCTTypeSafety
    - React-Core
    - React-jsi
    - React-jsiexecutor
    - ReactCommon/turbomodule/bridging
    - ReactCommon/turbomodule/core
  - React-Core (0.71.0-rc.2):
    - glog
    - RCT-Folly (= 2021.07.22.00)
    - React-Core/Default (= 0.71.0-rc.2)
    - React-cxxreact (= 0.71.0-rc.2)
    - React-jsi (= 0.71.0-rc.2)
    - React-jsiexecutor (= 0.71.0-rc.2)
    - React-perflogger (= 0.71.0-rc.2)
    - Yoga
  - React-Core/CoreModulesHeaders (0.71.0-rc.2):
    - glog
    - RCT-Folly (= 2021.07.22.00)
    - React-Core/Default
    - React-cxxreact (= 0.71.0-rc.2)
    - React-jsi (= 0.71.0-rc.2)
    - React-jsiexecutor (= 0.71.0-rc.2)
    - React-perflogger (= 0.71.0-rc.2)
    - Yoga
  - React-Core/Default (0.71.0-rc.2):
    - glog
    - RCT-Folly (= 2021.07.22.00)
    - React-cxxreact (= 0.71.0-rc.2)
    - React-jsi (= 0.71.0-rc.2)
    - React-jsiexecutor (= 0.71.0-rc.2)
    - React-perflogger (= 0.71.0-rc.2)
    - Yoga
  - React-Core/DevSupport (0.71.0-rc.2):
    - glog
    - RCT-Folly (= 2021.07.22.00)
    - React-Core/Default (= 0.71.0-rc.2)
    - React-Core/RCTWebSocket (= 0.71.0-rc.2)
    - React-cxxreact (= 0.71.0-rc.2)
    - React-jsi (= 0.71.0-rc.2)
    - React-jsiexecutor (= 0.71.0-rc.2)
    - React-jsinspector (= 0.71.0-rc.2)
    - React-perflogger (= 0.71.0-rc.2)
    - Yoga
  - React-Core/RCTActionSheetHeaders (0.71.0-rc.2):
    - glog
    - RCT-Folly (= 2021.07.22.00)
    - React-Core/Default
    - React-cxxreact (= 0.71.0-rc.2)
    - React-jsi (= 0.71.0-rc.2)
    - React-jsiexecutor (= 0.71.0-rc.2)
    - React-perflogger (= 0.71.0-rc.2)
    - Yoga
  - React-Core/RCTAnimationHeaders (0.71.0-rc.2):
    - glog
    - RCT-Folly (= 2021.07.22.00)
    - React-Core/Default
    - React-cxxreact (= 0.71.0-rc.2)
    - React-jsi (= 0.71.0-rc.2)
    - React-jsiexecutor (= 0.71.0-rc.2)
    - React-perflogger (= 0.71.0-rc.2)
    - Yoga
  - React-Core/RCTBlobHeaders (0.71.0-rc.2):
    - glog
    - RCT-Folly (= 2021.07.22.00)
    - React-Core/Default
    - React-cxxreact (= 0.71.0-rc.2)
    - React-jsi (= 0.71.0-rc.2)
    - React-jsiexecutor (= 0.71.0-rc.2)
    - React-perflogger (= 0.71.0-rc.2)
    - Yoga
  - React-Core/RCTImageHeaders (0.71.0-rc.2):
    - glog
    - RCT-Folly (= 2021.07.22.00)
    - React-Core/Default
    - React-cxxreact (= 0.71.0-rc.2)
    - React-jsi (= 0.71.0-rc.2)
    - React-jsiexecutor (= 0.71.0-rc.2)
    - React-perflogger (= 0.71.0-rc.2)
    - Yoga
  - React-Core/RCTLinkingHeaders (0.71.0-rc.2):
    - glog
    - RCT-Folly (= 2021.07.22.00)
    - React-Core/Default
    - React-cxxreact (= 0.71.0-rc.2)
    - React-jsi (= 0.71.0-rc.2)
    - React-jsiexecutor (= 0.71.0-rc.2)
    - React-perflogger (= 0.71.0-rc.2)
    - Yoga
  - React-Core/RCTNetworkHeaders (0.71.0-rc.2):
    - glog
    - RCT-Folly (= 2021.07.22.00)
    - React-Core/Default
    - React-cxxreact (= 0.71.0-rc.2)
    - React-jsi (= 0.71.0-rc.2)
    - React-jsiexecutor (= 0.71.0-rc.2)
    - React-perflogger (= 0.71.0-rc.2)
    - Yoga
  - React-Core/RCTSettingsHeaders (0.71.0-rc.2):
    - glog
    - RCT-Folly (= 2021.07.22.00)
    - React-Core/Default
    - React-cxxreact (= 0.71.0-rc.2)
    - React-jsi (= 0.71.0-rc.2)
    - React-jsiexecutor (= 0.71.0-rc.2)
    - React-perflogger (= 0.71.0-rc.2)
    - Yoga
  - React-Core/RCTTextHeaders (0.71.0-rc.2):
    - glog
    - RCT-Folly (= 2021.07.22.00)
    - React-Core/Default
    - React-cxxreact (= 0.71.0-rc.2)
    - React-jsi (= 0.71.0-rc.2)
    - React-jsiexecutor (= 0.71.0-rc.2)
    - React-perflogger (= 0.71.0-rc.2)
    - Yoga
  - React-Core/RCTVibrationHeaders (0.71.0-rc.2):
    - glog
    - RCT-Folly (= 2021.07.22.00)
    - React-Core/Default
    - React-cxxreact (= 0.71.0-rc.2)
    - React-jsi (= 0.71.0-rc.2)
    - React-jsiexecutor (= 0.71.0-rc.2)
    - React-perflogger (= 0.71.0-rc.2)
    - Yoga
  - React-Core/RCTWebSocket (0.71.0-rc.2):
    - glog
    - RCT-Folly (= 2021.07.22.00)
    - React-Core/Default (= 0.71.0-rc.2)
    - React-cxxreact (= 0.71.0-rc.2)
    - React-jsi (= 0.71.0-rc.2)
    - React-jsiexecutor (= 0.71.0-rc.2)
    - React-perflogger (= 0.71.0-rc.2)
    - Yoga
  - React-CoreModules (0.71.0-rc.2):
    - RCT-Folly (= 2021.07.22.00)
    - RCTTypeSafety (= 0.71.0-rc.2)
    - React-Codegen (= 0.71.0-rc.2)
    - React-Core/CoreModulesHeaders (= 0.71.0-rc.2)
    - React-jsi (= 0.71.0-rc.2)
    - React-RCTImage (= 0.71.0-rc.2)
    - ReactCommon/turbomodule/core (= 0.71.0-rc.2)
  - React-cxxreact (0.71.0-rc.2):
    - boost (= 1.76.0)
    - DoubleConversion
    - glog
    - RCT-Folly (= 2021.07.22.00)
    - React-callinvoker (= 0.71.0-rc.2)
    - React-jsi (= 0.71.0-rc.2)
    - React-jsinspector (= 0.71.0-rc.2)
    - React-logger (= 0.71.0-rc.2)
    - React-perflogger (= 0.71.0-rc.2)
    - React-runtimeexecutor (= 0.71.0-rc.2)
  - React-hermes (0.71.0-rc.2):
    - DoubleConversion
    - glog
    - hermes-engine
    - RCT-Folly (= 2021.07.22.00)
    - RCT-Folly/Futures (= 2021.07.22.00)
    - React-cxxreact (= 0.71.0-rc.2)
    - React-jsidynamic (= 0.71.0-rc.2)
    - React-jsiexecutor (= 0.71.0-rc.2)
    - React-jsinspector (= 0.71.0-rc.2)
    - React-perflogger (= 0.71.0-rc.2)
  - React-jsi (0.71.0-rc.2):
    - hermes-engine
  - React-jsidynamic (0.71.0-rc.2):
    - boost (= 1.76.0)
    - DoubleConversion
    - glog
    - RCT-Folly (= 2021.07.22.00)
    - React-jsi (= 0.71.0-rc.2)
  - React-jsiexecutor (0.71.0-rc.2):
    - DoubleConversion
    - glog
    - RCT-Folly (= 2021.07.22.00)
    - React-cxxreact (= 0.71.0-rc.2)
    - React-jsi (= 0.71.0-rc.2)
    - React-jsidynamic (= 0.71.0-rc.2)
    - React-perflogger (= 0.71.0-rc.2)
  - React-jsinspector (0.71.0-rc.2)
  - React-logger (0.71.0-rc.2):
    - glog
  - react-native-ios-modal (0.1.8):
    - React
  - react-native-netinfo (9.3.6):
    - React-Core
  - react-native-safe-area-context (4.4.1):
    - RCT-Folly
    - RCTRequired
    - RCTTypeSafety
    - React-Core
    - ReactCommon/turbomodule/core
  - React-perflogger (0.71.0-rc.2)
  - React-RCTActionSheet (0.71.0-rc.2):
    - React-Core/RCTActionSheetHeaders (= 0.71.0-rc.2)
  - React-RCTAnimation (0.71.0-rc.2):
    - RCT-Folly (= 2021.07.22.00)
    - RCTTypeSafety (= 0.71.0-rc.2)
    - React-Codegen (= 0.71.0-rc.2)
    - React-Core/RCTAnimationHeaders (= 0.71.0-rc.2)
    - React-jsi (= 0.71.0-rc.2)
    - ReactCommon/turbomodule/core (= 0.71.0-rc.2)
  - React-RCTAppDelegate (0.71.0-rc.2):
    - RCT-Folly
    - RCTRequired
    - RCTTypeSafety
    - React-Core
    - ReactCommon/turbomodule/core
  - React-RCTBlob (0.71.0-rc.2):
    - RCT-Folly (= 2021.07.22.00)
    - React-Codegen (= 0.71.0-rc.2)
    - React-Core/RCTBlobHeaders (= 0.71.0-rc.2)
    - React-Core/RCTWebSocket (= 0.71.0-rc.2)
    - React-jsi (= 0.71.0-rc.2)
    - React-RCTNetwork (= 0.71.0-rc.2)
    - ReactCommon/turbomodule/core (= 0.71.0-rc.2)
  - React-RCTImage (0.71.0-rc.2):
    - RCT-Folly (= 2021.07.22.00)
    - RCTTypeSafety (= 0.71.0-rc.2)
    - React-Codegen (= 0.71.0-rc.2)
    - React-Core/RCTImageHeaders (= 0.71.0-rc.2)
    - React-jsi (= 0.71.0-rc.2)
    - React-RCTNetwork (= 0.71.0-rc.2)
    - ReactCommon/turbomodule/core (= 0.71.0-rc.2)
  - React-RCTLinking (0.71.0-rc.2):
    - React-Codegen (= 0.71.0-rc.2)
    - React-Core/RCTLinkingHeaders (= 0.71.0-rc.2)
    - React-jsi (= 0.71.0-rc.2)
    - ReactCommon/turbomodule/core (= 0.71.0-rc.2)
  - React-RCTNetwork (0.71.0-rc.2):
    - RCT-Folly (= 2021.07.22.00)
    - RCTTypeSafety (= 0.71.0-rc.2)
    - React-Codegen (= 0.71.0-rc.2)
    - React-Core/RCTNetworkHeaders (= 0.71.0-rc.2)
    - React-jsi (= 0.71.0-rc.2)
    - ReactCommon/turbomodule/core (= 0.71.0-rc.2)
  - React-RCTSettings (0.71.0-rc.2):
    - RCT-Folly (= 2021.07.22.00)
    - RCTTypeSafety (= 0.71.0-rc.2)
    - React-Codegen (= 0.71.0-rc.2)
    - React-Core/RCTSettingsHeaders (= 0.71.0-rc.2)
    - React-jsi (= 0.71.0-rc.2)
    - ReactCommon/turbomodule/core (= 0.71.0-rc.2)
  - React-RCTText (0.71.0-rc.2):
    - React-Core/RCTTextHeaders (= 0.71.0-rc.2)
  - React-RCTVibration (0.71.0-rc.2):
    - RCT-Folly (= 2021.07.22.00)
    - React-Codegen (= 0.71.0-rc.2)
    - React-Core/RCTVibrationHeaders (= 0.71.0-rc.2)
    - React-jsi (= 0.71.0-rc.2)
    - ReactCommon/turbomodule/core (= 0.71.0-rc.2)
  - React-runtimeexecutor (0.71.0-rc.2):
    - React-jsi (= 0.71.0-rc.2)
  - ReactCommon/turbomodule/bridging (0.71.0-rc.2):
    - DoubleConversion
    - glog
    - RCT-Folly (= 2021.07.22.00)
    - React-callinvoker (= 0.71.0-rc.2)
    - React-Core (= 0.71.0-rc.2)
    - React-cxxreact (= 0.71.0-rc.2)
    - React-jsi (= 0.71.0-rc.2)
    - React-logger (= 0.71.0-rc.2)
    - React-perflogger (= 0.71.0-rc.2)
  - ReactCommon/turbomodule/core (0.71.0-rc.2):
    - DoubleConversion
    - glog
    - RCT-Folly (= 2021.07.22.00)
    - React-callinvoker (= 0.71.0-rc.2)
    - React-Core (= 0.71.0-rc.2)
    - React-cxxreact (= 0.71.0-rc.2)
    - React-jsi (= 0.71.0-rc.2)
    - React-jsidynamic (= 0.71.0-rc.2)
    - React-logger (= 0.71.0-rc.2)
    - React-perflogger (= 0.71.0-rc.2)
  - RNCAsyncStorage (1.17.11):
    - React-Core
  - RNFBApp (16.4.6):
    - Firebase/CoreOnly (= 10.2.0)
    - React-Core
  - RNFBDynamicLinks (16.4.6):
    - Firebase/DynamicLinks (= 10.2.0)
    - GoogleUtilities/AppDelegateSwizzler
    - React-Core
    - RNFBApp
  - RNFBMessaging (16.4.6):
    - Firebase/Messaging (= 10.2.0)
    - FirebaseCoreExtension (= 10.2.0)
    - React-Core
    - RNFBApp
  - RNGestureHandler (2.8.0):
    - React-Core
  - RNPermissions (3.6.1):
    - React-Core
  - RNScreens (3.18.2):
    - React-Core
    - React-RCTImage
  - RNSVG (13.6.0):
    - React-Core
  - SocketRocket (0.6.0)
  - Yoga (1.14.0)
  - YogaKit (1.18.1):
    - Yoga (~> 1.14)

DEPENDENCIES:
  - boost (from `../node_modules/react-native/third-party-podspecs/boost.podspec`)
  - DoubleConversion (from `../node_modules/react-native/third-party-podspecs/DoubleConversion.podspec`)
  - FBLazyVector (from `../node_modules/react-native/Libraries/FBLazyVector`)
  - FBReactNativeSpec (from `../node_modules/react-native/React/FBReactNativeSpec`)
  - Firebase
  - FirebaseCore
  - Flipper (= 0.125.0)
  - Flipper-Boost-iOSX (= 1.76.0.1.11)
  - Flipper-DoubleConversion (= 3.2.0.1)
  - Flipper-Fmt (= 7.1.7)
  - Flipper-Folly (= 2.6.10)
  - Flipper-Glog (= 0.5.0.5)
  - Flipper-PeerTalk (= 0.0.4)
  - Flipper-RSocket (= 1.4.3)
  - FlipperKit (= 0.125.0)
  - FlipperKit/Core (= 0.125.0)
  - FlipperKit/CppBridge (= 0.125.0)
  - FlipperKit/FBCxxFollyDynamicConvert (= 0.125.0)
  - FlipperKit/FBDefines (= 0.125.0)
  - FlipperKit/FKPortForwarding (= 0.125.0)
  - FlipperKit/FlipperKitHighlightOverlay (= 0.125.0)
  - FlipperKit/FlipperKitLayoutPlugin (= 0.125.0)
  - FlipperKit/FlipperKitLayoutTextSearchable (= 0.125.0)
  - FlipperKit/FlipperKitNetworkPlugin (= 0.125.0)
  - FlipperKit/FlipperKitReactPlugin (= 0.125.0)
  - FlipperKit/FlipperKitUserDefaultsPlugin (= 0.125.0)
  - FlipperKit/SKIOSNetworkPlugin (= 0.125.0)
  - glog (from `../node_modules/react-native/third-party-podspecs/glog.podspec`)
  - GoogleUtilities
  - hermes-engine (from `../node_modules/react-native/sdks/hermes/hermes-engine.podspec`)
  - libevent (~> 2.1.12)
  - OpenSSL-Universal (= 1.1.1100)
  - Permission-Calendars (from `../node_modules/react-native-permissions/ios/Calendars`)
  - Permission-Camera (from `../node_modules/react-native-permissions/ios/Camera`)
  - Permission-LocationWhenInUse (from `../node_modules/react-native-permissions/ios/LocationWhenInUse`)
  - Permission-Notifications (from `../node_modules/react-native-permissions/ios/Notifications`)
  - RCT-Folly (from `../node_modules/react-native/third-party-podspecs/RCT-Folly.podspec`)
  - RCTRequired (from `../node_modules/react-native/Libraries/RCTRequired`)
  - RCTTypeSafety (from `../node_modules/react-native/Libraries/TypeSafety`)
  - React (from `../node_modules/react-native/`)
  - React-callinvoker (from `../node_modules/react-native/ReactCommon/callinvoker`)
  - React-Codegen (from `build/generated/ios`)
  - React-Core (from `../node_modules/react-native/`)
  - React-Core/DevSupport (from `../node_modules/react-native/`)
  - React-Core/RCTWebSocket (from `../node_modules/react-native/`)
  - React-CoreModules (from `../node_modules/react-native/React/CoreModules`)
  - React-cxxreact (from `../node_modules/react-native/ReactCommon/cxxreact`)
  - React-hermes (from `../node_modules/react-native/ReactCommon/hermes`)
  - React-jsi (from `../node_modules/react-native/ReactCommon/jsi`)
  - React-jsidynamic (from `../node_modules/react-native/ReactCommon/jsi`)
  - React-jsiexecutor (from `../node_modules/react-native/ReactCommon/jsiexecutor`)
  - React-jsinspector (from `../node_modules/react-native/ReactCommon/jsinspector`)
  - React-logger (from `../node_modules/react-native/ReactCommon/logger`)
  - react-native-ios-modal (from `../node_modules/react-native-ios-modal`)
  - "react-native-netinfo (from `../node_modules/@react-native-community/netinfo`)"
  - react-native-safe-area-context (from `../node_modules/react-native-safe-area-context`)
  - React-perflogger (from `../node_modules/react-native/ReactCommon/reactperflogger`)
  - React-RCTActionSheet (from `../node_modules/react-native/Libraries/ActionSheetIOS`)
  - React-RCTAnimation (from `../node_modules/react-native/Libraries/NativeAnimation`)
  - React-RCTAppDelegate (from `../node_modules/react-native/Libraries/AppDelegate`)
  - React-RCTBlob (from `../node_modules/react-native/Libraries/Blob`)
  - React-RCTImage (from `../node_modules/react-native/Libraries/Image`)
  - React-RCTLinking (from `../node_modules/react-native/Libraries/LinkingIOS`)
  - React-RCTNetwork (from `../node_modules/react-native/Libraries/Network`)
  - React-RCTSettings (from `../node_modules/react-native/Libraries/Settings`)
  - React-RCTText (from `../node_modules/react-native/Libraries/Text`)
  - React-RCTVibration (from `../node_modules/react-native/Libraries/Vibration`)
  - React-runtimeexecutor (from `../node_modules/react-native/ReactCommon/runtimeexecutor`)
  - ReactCommon/turbomodule/core (from `../node_modules/react-native/ReactCommon`)
  - "RNCAsyncStorage (from `../node_modules/@react-native-async-storage/async-storage`)"
  - "RNFBApp (from `../node_modules/@react-native-firebase/app`)"
  - "RNFBDynamicLinks (from `../node_modules/@react-native-firebase/dynamic-links`)"
  - "RNFBMessaging (from `../node_modules/@react-native-firebase/messaging`)"
  - RNGestureHandler (from `../node_modules/react-native-gesture-handler`)
  - RNPermissions (from `../node_modules/react-native-permissions`)
  - RNScreens (from `../node_modules/react-native-screens`)
  - RNSVG (from `../node_modules/react-native-svg`)
  - Yoga (from `../node_modules/react-native/ReactCommon/yoga`)

SPEC REPOS:
  trunk:
    - CocoaAsyncSocket
    - Firebase
    - FirebaseAnalytics
    - FirebaseCore
    - FirebaseCoreExtension
    - FirebaseCoreInternal
    - FirebaseDynamicLinks
    - FirebaseInstallations
    - FirebaseMessaging
    - Flipper
    - Flipper-Boost-iOSX
    - Flipper-DoubleConversion
    - Flipper-Fmt
    - Flipper-Folly
    - Flipper-Glog
    - Flipper-PeerTalk
    - Flipper-RSocket
    - FlipperKit
    - fmt
    - GoogleAppMeasurement
    - GoogleDataTransport
    - GoogleUtilities
    - libevent
    - nanopb
    - OpenSSL-Universal
    - PromisesObjC
    - SocketRocket
    - YogaKit

EXTERNAL SOURCES:
  boost:
    :podspec: "../node_modules/react-native/third-party-podspecs/boost.podspec"
  DoubleConversion:
    :podspec: "../node_modules/react-native/third-party-podspecs/DoubleConversion.podspec"
  FBLazyVector:
    :path: "../node_modules/react-native/Libraries/FBLazyVector"
  FBReactNativeSpec:
    :path: "../node_modules/react-native/React/FBReactNativeSpec"
  glog:
    :podspec: "../node_modules/react-native/third-party-podspecs/glog.podspec"
  hermes-engine:
    :podspec: "../node_modules/react-native/sdks/hermes/hermes-engine.podspec"
  Permission-Calendars:
    :path: "../node_modules/react-native-permissions/ios/Calendars"
  Permission-Camera:
    :path: "../node_modules/react-native-permissions/ios/Camera"
  Permission-LocationWhenInUse:
    :path: "../node_modules/react-native-permissions/ios/LocationWhenInUse"
  Permission-Notifications:
    :path: "../node_modules/react-native-permissions/ios/Notifications"
  RCT-Folly:
    :podspec: "../node_modules/react-native/third-party-podspecs/RCT-Folly.podspec"
  RCTRequired:
    :path: "../node_modules/react-native/Libraries/RCTRequired"
  RCTTypeSafety:
    :path: "../node_modules/react-native/Libraries/TypeSafety"
  React:
    :path: "../node_modules/react-native/"
  React-callinvoker:
    :path: "../node_modules/react-native/ReactCommon/callinvoker"
  React-Codegen:
    :path: build/generated/ios
  React-Core:
    :path: "../node_modules/react-native/"
  React-CoreModules:
    :path: "../node_modules/react-native/React/CoreModules"
  React-cxxreact:
    :path: "../node_modules/react-native/ReactCommon/cxxreact"
  React-hermes:
    :path: "../node_modules/react-native/ReactCommon/hermes"
  React-jsi:
    :path: "../node_modules/react-native/ReactCommon/jsi"
  React-jsidynamic:
    :path: "../node_modules/react-native/ReactCommon/jsi"
  React-jsiexecutor:
    :path: "../node_modules/react-native/ReactCommon/jsiexecutor"
  React-jsinspector:
    :path: "../node_modules/react-native/ReactCommon/jsinspector"
  React-logger:
    :path: "../node_modules/react-native/ReactCommon/logger"
  react-native-ios-modal:
    :path: "../node_modules/react-native-ios-modal"
  react-native-netinfo:
    :path: "../node_modules/@react-native-community/netinfo"
  react-native-safe-area-context:
    :path: "../node_modules/react-native-safe-area-context"
  React-perflogger:
    :path: "../node_modules/react-native/ReactCommon/reactperflogger"
  React-RCTActionSheet:
    :path: "../node_modules/react-native/Libraries/ActionSheetIOS"
  React-RCTAnimation:
    :path: "../node_modules/react-native/Libraries/NativeAnimation"
  React-RCTAppDelegate:
    :path: "../node_modules/react-native/Libraries/AppDelegate"
  React-RCTBlob:
    :path: "../node_modules/react-native/Libraries/Blob"
  React-RCTImage:
    :path: "../node_modules/react-native/Libraries/Image"
  React-RCTLinking:
    :path: "../node_modules/react-native/Libraries/LinkingIOS"
  React-RCTNetwork:
    :path: "../node_modules/react-native/Libraries/Network"
  React-RCTSettings:
    :path: "../node_modules/react-native/Libraries/Settings"
  React-RCTText:
    :path: "../node_modules/react-native/Libraries/Text"
  React-RCTVibration:
    :path: "../node_modules/react-native/Libraries/Vibration"
  React-runtimeexecutor:
    :path: "../node_modules/react-native/ReactCommon/runtimeexecutor"
  ReactCommon:
    :path: "../node_modules/react-native/ReactCommon"
  RNCAsyncStorage:
    :path: "../node_modules/@react-native-async-storage/async-storage"
  RNFBApp:
    :path: "../node_modules/@react-native-firebase/app"
  RNFBDynamicLinks:
    :path: "../node_modules/@react-native-firebase/dynamic-links"
  RNFBMessaging:
    :path: "../node_modules/@react-native-firebase/messaging"
  RNGestureHandler:
    :path: "../node_modules/react-native-gesture-handler"
  RNPermissions:
    :path: "../node_modules/react-native-permissions"
  RNScreens:
    :path: "../node_modules/react-native-screens"
  RNSVG:
    :path: "../node_modules/react-native-svg"
  Yoga:
    :path: "../node_modules/react-native/ReactCommon/yoga"

SPEC CHECKSUMS:
  boost: 57d2868c099736d80fcd648bf211b4431e51a558
  CocoaAsyncSocket: 065fd1e645c7abab64f7a6a2007a48038fdc6a99
  DoubleConversion: 5189b271737e1565bdce30deb4a08d647e3f5f54
  FBLazyVector: 4d7466fd7e3c0886dda9e4e257a1280344df546b
  FBReactNativeSpec: 373b20906ccd59822dd131d1fdfa170f4890d581
  Firebase: a3ea7eba4382afd83808376edb99acdaff078dcf
  FirebaseAnalytics: 24a15e58e505abcedc3017b6f7c206fbfa964580
  FirebaseCore: 813838072b797b64f529f3c2ee35e696e5641dd1
  FirebaseCoreExtension: d08b424832917cf13612021574399afbbedffeef
  FirebaseCoreInternal: 091bde13e47bb1c5e9fe397634f3593dc390430f
  FirebaseDynamicLinks: f832045bdb98db10ecaca9ab7e258f1602395d7c
  FirebaseInstallations: 004915af170935e3a583faefd5f8bc851afc220f
  FirebaseMessaging: cc9f40f5b7494680f3844d08e517e92aa4e8d9f7
  Flipper: 26fc4b7382499f1281eb8cb921e5c3ad6de91fe0
  Flipper-Boost-iOSX: fd1e2b8cbef7e662a122412d7ac5f5bea715403c
  Flipper-DoubleConversion: 2dc99b02f658daf147069aad9dbd29d8feb06d30
  Flipper-Fmt: 60cbdd92fc254826e61d669a5d87ef7015396a9b
  Flipper-Folly: 584845625005ff068a6ebf41f857f468decd26b3
  Flipper-Glog: 70c50ce58ddaf67dc35180db05f191692570f446
  Flipper-PeerTalk: 116d8f857dc6ef55c7a5a75ea3ceaafe878aadc9
  Flipper-RSocket: d9d9ade67cbecf6ac10730304bf5607266dd2541
  FlipperKit: cbdee19bdd4e7f05472a66ce290f1b729ba3cb86
  fmt: ff9d55029c625d3757ed641535fd4a75fedc7ce9
  glog: 04b94705f318337d7ead9e6d17c019bd9b1f6b1b
  GoogleAppMeasurement: 3bc3a6484b7bb20dd8489242c4dd3c92a3e5107b
  GoogleDataTransport: 1c8145da7117bd68bbbed00cf304edb6a24de00f
  GoogleUtilities: bad72cb363809015b1f7f19beb1f1cd23c589f95
  hermes-engine: 3c0b1769ae154b3626e22c7aba656b8722a74cd2
  libevent: 4049cae6c81cdb3654a443be001fb9bdceff7913
  nanopb: b552cce312b6c8484180ef47159bc0f65a1f0431
  OpenSSL-Universal: ebc357f1e6bc71fa463ccb2fe676756aff50e88c
  Permission-Calendars: dd55f36958c398a487f141d4c89119907e34dca8
  Permission-Camera: bf6791b17c7f614b6826019fcfdcc286d3a107f6
  Permission-LocationWhenInUse: 3ba99e45c852763f730eabecec2870c2382b7bd4
  Permission-Notifications: 150484ae586eb9be4e32217582a78350a9bb31c3
  PromisesObjC: ab77feca74fa2823e7af4249b8326368e61014cb
  RCT-Folly: 424b8c9a7a0b9ab2886ffe9c3b041ef628fd4fb1
  RCTRequired: 6a5266f052d88710f1a03487c4e0584c0a1dd5fa
  RCTTypeSafety: 9728fc39a7fdb3ae89e05cf93a72273e949b89a3
  React: 41f781ceac4d692b5f968e9e988703e66b8859e4
  React-callinvoker: 2b04a4dfaa790a406c2bd8773597715b31366b0f
  React-Codegen: dba89609f8211f1c2750626be4d7b13e522fa2a5
  React-Core: 5aead80ab318fcf79820ebd0b6e23e74c9c6bfbb
  React-CoreModules: ec2b43d87cf00fcfc0267a680b682baa76e7e3f6
  React-cxxreact: dd2d99409eb2f29e3f1137674a1619fc48c35921
  React-hermes: d785f4cb248e420df29857d3ca9925145c738408
  React-jsi: 465de2c461f3ab605f8eb5a15241970c4ec711ca
  React-jsidynamic: 41ebd741d848e6c6ac4ce2035696741bf72ff2da
  React-jsiexecutor: e303e0087133fc469a1dc3f15bf1423d9dfbbb5a
  React-jsinspector: d097ca923c7e97e3a7ecb1f2bbbc398b8c3d4788
  React-logger: 2c5dc8d28a1980a6562cdc352807470f9619b688
  react-native-ios-modal: 2894324e2590b0d5c50572370ccc4d640596e0e7
  react-native-netinfo: f80db8cac2151405633324cb645c60af098ee461
  react-native-safe-area-context: 99b24a0c5acd0d5dcac2b1a7f18c49ea317be99a
  React-perflogger: dbc1775bf8b937dab3bc296566c05cfe1cdbd1dd
  React-RCTActionSheet: 43f073c630d92d89e15332fd4b14affc1ab5355d
  React-RCTAnimation: 806bc5050d7f30ff5fdc16b5f1fbaa893abc8568
  React-RCTAppDelegate: 80b73bb7040bc7d8a64d9d0aae4e0ecc544795cf
  React-RCTBlob: 1b957db14b3c80b93142ffe7347b0c1af5902532
  React-RCTImage: f3d70d634fcbfdc0de1e290b06d0c29e84acb7af
  React-RCTLinking: f4b1ce965d6f538f372ce1f12133b0608d915164
  React-RCTNetwork: bf532ebcacd9638ece4af823ee2a07afb8e2f04b
  React-RCTSettings: fef0d05c2c8e1abbbd90d1079bc5c5cfcd98d7ba
  React-RCTText: b161efef6f468bb35e6c8867cf87d5962abfcb2b
  React-RCTVibration: 44422f3f18fb1641f274d837dbd487abbc0fe48a
  React-runtimeexecutor: 3f712141850e2862fe082483e4e64bb2eaedb30d
  ReactCommon: 8ee8c978a0bc6b2e381b12fd1a09599ebdc256ca
  RNCAsyncStorage: 8616bd5a58af409453ea4e1b246521bb76578d60
  RNFBApp: a61f530d08a0f5996b1fbdcbd1b8bb077d5d61a1
  RNFBDynamicLinks: db8903a4c376ba91c32725a6707b6ddb54f27938
  RNFBMessaging: f7a90ac199e1bc771e9e09058ed0354efd047182
  RNGestureHandler: 62232ba8f562f7dea5ba1b3383494eb5bf97a4d3
  RNPermissions: dcdb7b99796bbeda6975a6e79ad519c41b251b1c
  RNScreens: 34cc502acf1b916c582c60003dc3089fa01dc66d
  RNSVG: 3a79c0c4992213e4f06c08e62730c5e7b9e4dc17
  SocketRocket: fccef3f9c5cedea1353a9ef6ada904fde10d6608
  Yoga: 0324cb09314332b1f6dc1f59d7671621391122e3
  YogaKit: f782866e155069a2cca2517aafea43200b01fd5a

PODFILE CHECKSUM: a6ce1922f6441f4920d950749551009b0f7ededb

COCOAPODS: 1.11.3
